
Microsoft Visual Studio Solution File, Format Version 12.00
# Visual Studio Version 17
VisualStudioVersion = 17.9.34728.123
MinimumVisualStudioVersion = 10.0.40219.1
Project("{2150E333-8FDC-42A3-9474-1A3956D46DE8}") = "PresentationLayer", "PresentationLayer", "{C456B6C3-C05A-47CD-AD11-D7F0672A4CB1}"
EndProject
Project("{9A19103F-16F7-4668-BE54-9A1E7A4F7556}") = "WebAPI", "WebAPI\WebAPI.csproj", "{1F2108A8-4933-4E82-90C2-78E52D037B67}"
EndProject
Project("{9A19103F-16F7-4668-BE54-9A1E7A4F7556}") = "WebAssembly", "WebAssembly\WebAssembly.csproj", "{E1AC2BEB-41B5-40C8-B8C7-929891F5F820}"
EndProject
Project("{FAE04EC0-301F-11D3-BF4B-00C04F79EFBC}") = "DomainLayer", "DomainLayer\DomainLayer.csproj", "{573718C9-4DA1-4BA4-9C79-D90F35290C9A}"
EndProject
Project("{FAE04EC0-301F-11D3-BF4B-00C04F79EFBC}") = "ApplicationLayer", "ApplicationLayer\ApplicationLayer.csproj", "{40ED0174-6AEA-4659-93EF-84D0635D33D6}"
EndProject
Project("{FAE04EC0-301F-11D3-BF4B-00C04F79EFBC}") = "InfraestructureLayer", "InfraestructureLayer\InfraestructureLayer.csproj", "{B22EAF3A-5DA4-43B6-9040-49BE5F17ADB2}"
EndProject
Global
	GlobalSection(SolutionConfigurationPlatforms) = preSolution
		Debug|Any CPU = Debug|Any CPU
		Release|Any CPU = Release|Any CPU
	EndGlobalSection
	GlobalSection(ProjectConfigurationPlatforms) = postSolution
		{1F2108A8-4933-4E82-90C2-78E52D037B67}.Debug|Any CPU.ActiveCfg = Debug|Any CPU
		{1F2108A8-4933-4E82-90C2-78E52D037B67}.Debug|Any CPU.Build.0 = Debug|Any CPU
		{1F2108A8-4933-4E82-90C2-78E52D037B67}.Release|Any CPU.ActiveCfg = Release|Any CPU
		{1F2108A8-4933-4E82-90C2-78E52D037B67}.Release|Any CPU.Build.0 = Release|Any CPU
		{E1AC2BEB-41B5-40C8-B8C7-929891F5F820}.Debug|Any CPU.ActiveCfg = Debug|Any CPU
		{E1AC2BEB-41B5-40C8-B8C7-929891F5F820}.Debug|Any CPU.Build.0 = Debug|Any CPU
		{E1AC2BEB-41B5-40C8-B8C7-929891F5F820}.Release|Any CPU.ActiveCfg = Release|Any CPU
		{E1AC2BEB-41B5-40C8-B8C7-929891F5F820}.Release|Any CPU.Build.0 = Release|Any CPU
		{573718C9-4DA1-4BA4-9C79-D90F35290C9A}.Debug|Any CPU.ActiveCfg = Debug|Any CPU
		{573718C9-4DA1-4BA4-9C79-D90F35290C9A}.Debug|Any CPU.Build.0 = Debug|Any CPU
		{573718C9-4DA1-4BA4-9C79-D90F35290C9A}.Release|Any CPU.ActiveCfg = Release|Any CPU
		{573718C9-4DA1-4BA4-9C79-D90F35290C9A}.Release|Any CPU.Build.0 = Release|Any CPU
		{40ED0174-6AEA-4659-93EF-84D0635D33D6}.Debug|Any CPU.ActiveCfg = Debug|Any CPU
		{40ED0174-6AEA-4659-93EF-84D0635D33D6}.Debug|Any CPU.Build.0 = Debug|Any CPU
		{40ED0174-6AEA-4659-93EF-84D0635D33D6}.Release|Any CPU.ActiveCfg = Release|Any CPU
		{40ED0174-6AEA-4659-93EF-84D0635D33D6}.Release|Any CPU.Build.0 = Release|Any CPU
		{B22EAF3A-5DA4-43B6-9040-49BE5F17ADB2}.Debug|Any CPU.ActiveCfg = Debug|Any CPU
		{B22EAF3A-5DA4-43B6-9040-49BE5F17ADB2}.Debug|Any CPU.Build.0 = Debug|Any CPU
		{B22EAF3A-5DA4-43B6-9040-49BE5F17ADB2}.Release|Any CPU.ActiveCfg = Release|Any CPU
		{B22EAF3A-5DA4-43B6-9040-49BE5F17ADB2}.Release|Any CPU.Build.0 = Release|Any CPU
	EndGlobalSection
	GlobalSection(SolutionProperties) = preSolution
		HideSolutionNode = FALSE
	EndGlobalSection
	GlobalSection(NestedProjects) = preSolution
		{1F2108A8-4933-4E82-90C2-78E52D037B67} = {C456B6C3-C05A-47CD-AD11-D7F0672A4CB1}
		{E1AC2BEB-41B5-40C8-B8C7-929891F5F820} = {C456B6C3-C05A-47CD-AD11-D7F0672A4CB1}
	EndGlobalSection
	GlobalSection(ExtensibilityGlobals) = postSolution
		SolutionGuid = {441A8DF6-64B9-4CE6-BF11-7C61B970C118}
	EndGlobalSection
EndGlobal
